{
  "name": "websocket",
  "version": "1.0.0",
  "lockfileVersion": 1,
  "requires": true,
  "dependencies": {
    "async-limiter": {
      "version": "1.0.1",
      "resolved": "https://registry.npm.taobao.org/async-limiter/download/async-limiter-1.0.1.tgz",
      "integrity": "sha1-3TeelPDbgxCwgpH51kwyCXZmF/0=",
      "dev": true
    },
    "ws": {
      "version": "7.1.2",
      "resolved": "https://registry.npm.taobao.org/ws/download/ws-7.1.2.tgz",
      "integrity": "sha1-xnLRYp3ouyepaZ61mb5Hru7dj3M=",
      "dev": true,
      "requires": {
        "async-limiter": "^1.0.0"
      }
    }
  }
}
